
Microsoft Visual Studio Solution File, Format Version 12.00
# Visual Studio Version 16
VisualStudioVersion = 16.0.29609.76
MinimumVisualStudioVersion = 10.0.40219.1
Project("{FAE04EC0-301F-11D3-BF4B-00C04F79EFBC}") = "WebAppVidu", "WebAppVidu.csproj", "{8C1ADB2A-37B4-4F17-8516-56F92F20438E}"
EndProject
Global
	GlobalSection(SolutionConfigurationPlatforms) = preSolution
		Debug|Any CPU = Debug|Any CPU
		Release|Any CPU = Release|Any CPU
	EndGlobalSection
	GlobalSection(ProjectConfigurationPlatforms) = postSolution
		{8C1ADB2A-37B4-4F17-8516-56F92F20438E}.Debug|Any CPU.ActiveCfg = Debug|Any CPU
		{8C1ADB2A-37B4-4F17-8516-56F92F20438E}.Debug|Any CPU.Build.0 = Debug|Any CPU
		{8C1ADB2A-37B4-4F17-8516-56F92F20438E}.Release|Any CPU.ActiveCfg = Release|Any CPU
		{8C1ADB2A-37B4-4F17-8516-56F92F20438E}.Release|Any CPU.Build.0 = Release|Any CPU
	EndGlobalSection
	GlobalSection(SolutionProperties) = preSolution
		HideSolutionNode = FALSE
	EndGlobalSection
	GlobalSection(ExtensibilityGlobals) = postSolution
		SolutionGuid = {E9E83826-16AC-4018-956F-AE85915CBA0A}
	EndGlobalSection
EndGlobal
